
Microsoft Visual Studio Solution File, Format Version 12.00
# Visual Studio 15
VisualStudioVersion = 15.0.27428.2027
MinimumVisualStudioVersion = 10.0.40219.1
Project("{FAE04EC0-301F-11D3-BF4B-00C04F79EFBC}") = "TestGit", "TestGit\TestGit.csproj", "{D7DDA592-4645-40A9-A017-49698D8E8815}"
EndProject
Global
	GlobalSection(SolutionConfigurationPlatforms) = preSolution
		Debug|Any CPU = Debug|Any CPU
		Release|Any CPU = Release|Any CPU
	EndGlobalSection
	GlobalSection(ProjectConfigurationPlatforms) = postSolution
		{D7DDA592-4645-40A9-A017-49698D8E8815}.Debug|Any CPU.ActiveCfg = Debug|Any CPU
		{D7DDA592-4645-40A9-A017-49698D8E8815}.Debug|Any CPU.Build.0 = Debug|Any CPU
		{D7DDA592-4645-40A9-A017-49698D8E8815}.Release|Any CPU.ActiveCfg = Release|Any CPU
		{D7DDA592-4645-40A9-A017-49698D8E8815}.Release|Any CPU.Build.0 = Release|Any CPU
	EndGlobalSection
	GlobalSection(SolutionProperties) = preSolution
		HideSolutionNode = FALSE
	EndGlobalSection
	GlobalSection(ExtensibilityGlobals) = postSolution
		SolutionGuid = {96CC48E4-8C14-4DCC-BAF6-402866EB192A}
	EndGlobalSection
EndGlobal
